# This file is autogenerated, do not edit; changes may be undone by the next 'dep ensure'.


[[projects]]
  name = "github.com/PichuChen/daemon"
  packages = ["."]
  revision = "9efa9f9f1ba9756374aebdba24d6a64273fbaf89"
  version = "0.5.2"

[[projects]]
  name = "github.com/Sirupsen/logrus"
  packages = ["."]
  revision = "839c75faf7f98a33d445d181f3018b5c3409a45e"
  version = "v1.4.2"

[[projects]]
  name = "github.com/konsorten/go-windows-terminal-sequences"
  packages = ["."]
  revision = "f55edac94c9bbba5d6182a4be46d86a2c9b5b50e"
  version = "v1.0.2"

[[projects]]
  branch = "master"
  name = "golang.org/x/sys"
  packages = ["unix"]
  revision = "516e3c20635fbe39539f7ed361a15c51fec29cd8"

[solve-meta]
  analyzer-name = "dep"
  analyzer-version = 1
  inputs-digest = "5f1093e68c4d15ec973c43e02fdb6d7ea888f9ce3b87c6e396821380a265798a"
  solver-name = "gps-cdcl"
  solver-version = 1
